{
    "_meta": {
        "hash": {
            "sha256": "fdfb298db2d1fa02e1f02be5dcd9df4d3a084b7d926b86ea48aed37421e6e4bc"
        },
        "pipfile-spec": 6,
        "requires": {
            "python_version": "3.7"
        },
        "sources": [
            {
                "name": "pypi",
                "url": "https://pypi.org/simple",
                "verify_ssl": true
            }
        ]
    },
    "default": {
        "aiounittest": {
            "hashes": [
                "sha256:110351d49e748231813da958ab1ef921924720f03ab34db4a0677a7973ebc20d",
                "sha256:226970365eeb4b90c7408091d91e9455acf39d8140125c2e42c49c81c7d2bf64"
            ],
            "index": "pypi",
            "version": "==1.1.0"
        },
        "gitdb2": {
            "hashes": [
                "sha256:83361131a1836661a155172932a13c08bda2db3674e4caa32368aa6eb02f38c2",
                "sha256:e3a0141c5f2a3f635c7209d56c496ebe1ad35da82fe4d3ec4aaa36278d70648a"
            ],
            "version": "==2.0.5"
        },
        "gitpython": {
            "hashes": [
                "sha256:563221e5a44369c6b79172f455584c9ebbb122a13368cc82cb4b5addff788f82",
                "sha256:8237dc5bfd6f1366abeee5624111b9d6879393d84745a507de0fda86043b65a8"
            ],
            "index": "pypi",
            "version": "==2.1.11"
        },
        "inotify": {
            "hashes": [
                "sha256:397f8785450e41f606fe4eb6f5e8e0a1c70b354b56495225fc6c6fe7e07db0c9",
                "sha256:974a623a338482b62e16d4eb705fb863ed33ec178680fc3e96ccdf0df6c02a07"
            ],
            "index": "pypi",
            "version": "==0.2.10"
        },
        "nose": {
            "hashes": [
                "sha256:9ff7c6cc443f8c51994b34a667bbcf45afd6d945be7477b52e97516fd17c53ac",
                "sha256:dadcddc0aefbf99eea214e0f1232b94f2fa9bd98fa8353711dacb112bfcbbb2a",
                "sha256:f1bffef9cbc82628f6e7d7b40d7e255aefaa1adb6a1b1d26c69a8b79e6208a98"
            ],
            "version": "==1.3.7"
        },
        "smmap2": {
            "hashes": [
                "sha256:0555a7bf4df71d1ef4218e4807bbf9b201f910174e6e08af2e138d4e517b4dde",
                "sha256:29a9ffa0497e7f2be94ca0ed1ca1aa3cd4cf25a1f6b4f5f87f74b46ed91d609a"
            ],
            "version": "==2.0.5"
        },
        "username": {
            "hashes": [
                "sha256:18c4e5f14e936e35fb4ab5a613aca527630e7f0dbb3c29e71bb7f45d8fe537f2",
                "sha256:a7b144dc3427f70bc4822b0d9ea5f6c586c684353577fca6ff657d38693b628e"
            ],
            "index": "pypi",
            "version": "==2.0.2"
        }
    },
    "develop": {}
}
